
Microsoft Visual Studio Solution File, Format Version 12.00
# Visual Studio Version 17
VisualStudioVersion = 17.3.32922.545
MinimumVisualStudioVersion = 10.0.40219.1
Project("{9A19103F-16F7-4668-BE54-9A1E7A4F7556}") = "BulkyBookWeb", "BulkyBookWeb\BulkyBookWeb.csproj", "{A7B2B989-428F-4FAE-9905-AC848AD8FAB2}"
EndProject
Global
	GlobalSection(SolutionConfigurationPlatforms) = preSolution
		Debug|Any CPU = Debug|Any CPU
		Release|Any CPU = Release|Any CPU
	EndGlobalSection
	GlobalSection(ProjectConfigurationPlatforms) = postSolution
		{A7B2B989-428F-4FAE-9905-AC848AD8FAB2}.Debug|Any CPU.ActiveCfg = Debug|Any CPU
		{A7B2B989-428F-4FAE-9905-AC848AD8FAB2}.Debug|Any CPU.Build.0 = Debug|Any CPU
		{A7B2B989-428F-4FAE-9905-AC848AD8FAB2}.Release|Any CPU.ActiveCfg = Release|Any CPU
		{A7B2B989-428F-4FAE-9905-AC848AD8FAB2}.Release|Any CPU.Build.0 = Release|Any CPU
	EndGlobalSection
	GlobalSection(SolutionProperties) = preSolution
		HideSolutionNode = FALSE
	EndGlobalSection
	GlobalSection(ExtensibilityGlobals) = postSolution
		SolutionGuid = {3EDC2E70-457B-4599-A72D-E7CF3273865A}
	EndGlobalSection
EndGlobal
